
Microsoft Visual Studio Solution File, Format Version 12.00
Project("{FAE04EC0-301F-11D3-BF4B-00C04F79EFBC}") = "OptionsPattern", "OptionsPattern\OptionsPattern.csproj", "{254D59EC-D793-4585-BAFE-3A84C8276B81}"
EndProject
Project("{FAE04EC0-301F-11D3-BF4B-00C04F79EFBC}") = "OptionsValidation", "OptionsValidation\OptionsValidation.csproj", "{8CF539B6-23A8-481B-94C9-04FA5BDE0C81}"
EndProject
Global
	GlobalSection(SolutionConfigurationPlatforms) = preSolution
		Debug|Any CPU = Debug|Any CPU
		Release|Any CPU = Release|Any CPU
	EndGlobalSection
	GlobalSection(ProjectConfigurationPlatforms) = postSolution
		{254D59EC-D793-4585-BAFE-3A84C8276B81}.Debug|Any CPU.ActiveCfg = Debug|Any CPU
		{254D59EC-D793-4585-BAFE-3A84C8276B81}.Debug|Any CPU.Build.0 = Debug|Any CPU
		{254D59EC-D793-4585-BAFE-3A84C8276B81}.Release|Any CPU.ActiveCfg = Release|Any CPU
		{254D59EC-D793-4585-BAFE-3A84C8276B81}.Release|Any CPU.Build.0 = Release|Any CPU
		{8CF539B6-23A8-481B-94C9-04FA5BDE0C81}.Debug|Any CPU.ActiveCfg = Debug|Any CPU
		{8CF539B6-23A8-481B-94C9-04FA5BDE0C81}.Debug|Any CPU.Build.0 = Debug|Any CPU
		{8CF539B6-23A8-481B-94C9-04FA5BDE0C81}.Release|Any CPU.ActiveCfg = Release|Any CPU
		{8CF539B6-23A8-481B-94C9-04FA5BDE0C81}.Release|Any CPU.Build.0 = Release|Any CPU
	EndGlobalSection
	GlobalSection(NestedProjects) = preSolution
	EndGlobalSection
EndGlobal
