
Microsoft Visual Studio Solution File, Format Version 12.00
Project("{FAE04EC0-301F-11D3-BF4B-00C04F79EFBC}") = "OptionsPattern", "OptionsPattern\OptionsPattern\OptionsPattern.csproj", "{254D59EC-D793-4585-BAFE-3A84C8276B81}"
EndProject
Project("{2150E333-8FDC-42A3-9474-1A3956D46DE8}") = "OptionsPattern", "OptionsPattern", "{4BC5A5B3-B677-4653-A356-1D8CF3EEE3FD}"
EndProject
Global
	GlobalSection(SolutionConfigurationPlatforms) = preSolution
		Debug|Any CPU = Debug|Any CPU
		Release|Any CPU = Release|Any CPU
	EndGlobalSection
	GlobalSection(ProjectConfigurationPlatforms) = postSolution
		{254D59EC-D793-4585-BAFE-3A84C8276B81}.Debug|Any CPU.ActiveCfg = Debug|Any CPU
		{254D59EC-D793-4585-BAFE-3A84C8276B81}.Debug|Any CPU.Build.0 = Debug|Any CPU
		{254D59EC-D793-4585-BAFE-3A84C8276B81}.Release|Any CPU.ActiveCfg = Release|Any CPU
		{254D59EC-D793-4585-BAFE-3A84C8276B81}.Release|Any CPU.Build.0 = Release|Any CPU
	EndGlobalSection
	GlobalSection(NestedProjects) = preSolution
		{254D59EC-D793-4585-BAFE-3A84C8276B81} = {4BC5A5B3-B677-4653-A356-1D8CF3EEE3FD}
	EndGlobalSection
EndGlobal
